
Microsoft Visual Studio Solution File, Format Version 12.00
# Visual Studio Version 16
VisualStudioVersion = 16.0.31624.102
MinimumVisualStudioVersion = 10.0.40219.1
Project("{FAE04EC0-301F-11D3-BF4B-00C04F79EFBC}") = "CapaDatos", "CapaDatos\CapaDatos.csproj", "{BD8067F1-C3C2-41B5-BC8A-06971826B1A6}"
EndProject
Project("{FAE04EC0-301F-11D3-BF4B-00C04F79EFBC}") = "CapaEntidades", "CapaEntidades\CapaEntidades.csproj", "{1334264A-91AC-45D4-BC3D-EAED78834ED4}"
EndProject
Project("{FAE04EC0-301F-11D3-BF4B-00C04F79EFBC}") = "CapaNegocios", "CapaNegocios\CapaNegocios.csproj", "{18201101-FCED-479F-9DCF-FF8E765C613D}"
EndProject
Project("{FAE04EC0-301F-11D3-BF4B-00C04F79EFBC}") = "CapaPresentaciones", "CapaPresentaciones\CapaPresentaciones.csproj", "{0CADAFAB-2786-4CDA-8725-9FF62CCCC573}"
	ProjectSection(ProjectDependencies) = postProject
		{86796531-46FB-4DE6-BE65-16426F8989A7} = {86796531-46FB-4DE6-BE65-16426F8989A7}
		{BD8067F1-C3C2-41B5-BC8A-06971826B1A6} = {BD8067F1-C3C2-41B5-BC8A-06971826B1A6}
	EndProjectSection
EndProject
Project("{FAE04EC0-301F-11D3-BF4B-00C04F79EFBC}") = "ControlesPerzonalizados", "ControlesPerzonalizados\ControlesPerzonalizados.csproj", "{86796531-46FB-4DE6-BE65-16426F8989A7}"
EndProject
Project("{FAE04EC0-301F-11D3-BF4B-00C04F79EFBC}") = "Ayudas", "Ayudas\Ayudas.csproj", "{0D90F849-0D44-4350-AFD1-6EB543629009}"
	ProjectSection(ProjectDependencies) = postProject
		{18201101-FCED-479F-9DCF-FF8E765C613D} = {18201101-FCED-479F-9DCF-FF8E765C613D}
		{1334264A-91AC-45D4-BC3D-EAED78834ED4} = {1334264A-91AC-45D4-BC3D-EAED78834ED4}
		{BD8067F1-C3C2-41B5-BC8A-06971826B1A6} = {BD8067F1-C3C2-41B5-BC8A-06971826B1A6}
	EndProjectSection
EndProject
Project("{2150E333-8FDC-42A3-9474-1A3956D46DE8}") = "Solution Items", "Solution Items", "{117EC300-29F9-49FC-B3E8-05F7754E269B}"
	ProjectSection(SolutionItems) = preProject
		.editorconfig = .editorconfig
	EndProjectSection
EndProject
Global
	GlobalSection(SolutionConfigurationPlatforms) = preSolution
		Debug|Any CPU = Debug|Any CPU
		Debug|x64 = Debug|x64
		Release|Any CPU = Release|Any CPU
		Release|x64 = Release|x64
	EndGlobalSection
	GlobalSection(ProjectConfigurationPlatforms) = postSolution
		{BD8067F1-C3C2-41B5-BC8A-06971826B1A6}.Debug|Any CPU.ActiveCfg = Debug|Any CPU
		{BD8067F1-C3C2-41B5-BC8A-06971826B1A6}.Debug|Any CPU.Build.0 = Debug|Any CPU
		{BD8067F1-C3C2-41B5-BC8A-06971826B1A6}.Debug|x64.ActiveCfg = Debug|Any CPU
		{BD8067F1-C3C2-41B5-BC8A-06971826B1A6}.Debug|x64.Build.0 = Debug|Any CPU
		{BD8067F1-C3C2-41B5-BC8A-06971826B1A6}.Release|Any CPU.ActiveCfg = Release|Any CPU
		{BD8067F1-C3C2-41B5-BC8A-06971826B1A6}.Release|Any CPU.Build.0 = Release|Any CPU
		{BD8067F1-C3C2-41B5-BC8A-06971826B1A6}.Release|x64.ActiveCfg = Release|Any CPU
		{BD8067F1-C3C2-41B5-BC8A-06971826B1A6}.Release|x64.Build.0 = Release|Any CPU
		{1334264A-91AC-45D4-BC3D-EAED78834ED4}.Debug|Any CPU.ActiveCfg = Debug|Any CPU
		{1334264A-91AC-45D4-BC3D-EAED78834ED4}.Debug|Any CPU.Build.0 = Debug|Any CPU
		{1334264A-91AC-45D4-BC3D-EAED78834ED4}.Debug|x64.ActiveCfg = Debug|Any CPU
		{1334264A-91AC-45D4-BC3D-EAED78834ED4}.Debug|x64.Build.0 = Debug|Any CPU
		{1334264A-91AC-45D4-BC3D-EAED78834ED4}.Release|Any CPU.ActiveCfg = Release|Any CPU
		{1334264A-91AC-45D4-BC3D-EAED78834ED4}.Release|Any CPU.Build.0 = Release|Any CPU
		{1334264A-91AC-45D4-BC3D-EAED78834ED4}.Release|x64.ActiveCfg = Release|Any CPU
		{1334264A-91AC-45D4-BC3D-EAED78834ED4}.Release|x64.Build.0 = Release|Any CPU
		{18201101-FCED-479F-9DCF-FF8E765C613D}.Debug|Any CPU.ActiveCfg = Debug|Any CPU
		{18201101-FCED-479F-9DCF-FF8E765C613D}.Debug|Any CPU.Build.0 = Debug|Any CPU
		{18201101-FCED-479F-9DCF-FF8E765C613D}.Debug|x64.ActiveCfg = Debug|Any CPU
		{18201101-FCED-479F-9DCF-FF8E765C613D}.Debug|x64.Build.0 = Debug|Any CPU
		{18201101-FCED-479F-9DCF-FF8E765C613D}.Release|Any CPU.ActiveCfg = Release|Any CPU
		{18201101-FCED-479F-9DCF-FF8E765C613D}.Release|Any CPU.Build.0 = Release|Any CPU
		{18201101-FCED-479F-9DCF-FF8E765C613D}.Release|x64.ActiveCfg = Release|Any CPU
		{18201101-FCED-479F-9DCF-FF8E765C613D}.Release|x64.Build.0 = Release|Any CPU
		{0CADAFAB-2786-4CDA-8725-9FF62CCCC573}.Debug|Any CPU.ActiveCfg = Debug|Any CPU
		{0CADAFAB-2786-4CDA-8725-9FF62CCCC573}.Debug|Any CPU.Build.0 = Debug|Any CPU
		{0CADAFAB-2786-4CDA-8725-9FF62CCCC573}.Debug|x64.ActiveCfg = Debug|Any CPU
		{0CADAFAB-2786-4CDA-8725-9FF62CCCC573}.Release|Any CPU.ActiveCfg = Release|Any CPU
		{0CADAFAB-2786-4CDA-8725-9FF62CCCC573}.Release|Any CPU.Build.0 = Release|Any CPU
		{0CADAFAB-2786-4CDA-8725-9FF62CCCC573}.Release|x64.ActiveCfg = Release|Any CPU
		{86796531-46FB-4DE6-BE65-16426F8989A7}.Debug|Any CPU.ActiveCfg = Debug|Any CPU
		{86796531-46FB-4DE6-BE65-16426F8989A7}.Debug|Any CPU.Build.0 = Debug|Any CPU
		{86796531-46FB-4DE6-BE65-16426F8989A7}.Debug|x64.ActiveCfg = Debug|Any CPU
		{86796531-46FB-4DE6-BE65-16426F8989A7}.Debug|x64.Build.0 = Debug|Any CPU
		{86796531-46FB-4DE6-BE65-16426F8989A7}.Release|Any CPU.ActiveCfg = Release|Any CPU
		{86796531-46FB-4DE6-BE65-16426F8989A7}.Release|Any CPU.Build.0 = Release|Any CPU
		{86796531-46FB-4DE6-BE65-16426F8989A7}.Release|x64.ActiveCfg = Release|Any CPU
		{86796531-46FB-4DE6-BE65-16426F8989A7}.Release|x64.Build.0 = Release|Any CPU
		{0D90F849-0D44-4350-AFD1-6EB543629009}.Debug|Any CPU.ActiveCfg = Debug|Any CPU
		{0D90F849-0D44-4350-AFD1-6EB543629009}.Debug|Any CPU.Build.0 = Debug|Any CPU
		{0D90F849-0D44-4350-AFD1-6EB543629009}.Debug|x64.ActiveCfg = Debug|Any CPU
		{0D90F849-0D44-4350-AFD1-6EB543629009}.Debug|x64.Build.0 = Debug|Any CPU
		{0D90F849-0D44-4350-AFD1-6EB543629009}.Release|Any CPU.ActiveCfg = Release|Any CPU
		{0D90F849-0D44-4350-AFD1-6EB543629009}.Release|Any CPU.Build.0 = Release|Any CPU
		{0D90F849-0D44-4350-AFD1-6EB543629009}.Release|x64.ActiveCfg = Release|Any CPU
		{0D90F849-0D44-4350-AFD1-6EB543629009}.Release|x64.Build.0 = Release|Any CPU
	EndGlobalSection
	GlobalSection(SolutionProperties) = preSolution
		HideSolutionNode = FALSE
	EndGlobalSection
	GlobalSection(ExtensibilityGlobals) = postSolution
		SolutionGuid = {FB7261CF-C445-4137-B71F-FE503CDDCA82}
	EndGlobalSection
EndGlobal
